
Microsoft Visual Studio Solution File, Format Version 12.00
# Visual Studio Version 16
VisualStudioVersion = 16.0.30011.22
MinimumVisualStudioVersion = 10.0.40219.1
Project("{FAE04EC0-301F-11D3-BF4B-00C04F79EFBC}") = "Employee salary counter 1", "Employee salary counter 1.csproj", "{388DBDCF-82F1-4968-891B-FDCC3DC7A740}"
EndProject
Global
	GlobalSection(SolutionConfigurationPlatforms) = preSolution
		Debug|Any CPU = Debug|Any CPU
		Release|Any CPU = Release|Any CPU
	EndGlobalSection
	GlobalSection(ProjectConfigurationPlatforms) = postSolution
		{388DBDCF-82F1-4968-891B-FDCC3DC7A740}.Debug|Any CPU.ActiveCfg = Debug|Any CPU
		{388DBDCF-82F1-4968-891B-FDCC3DC7A740}.Debug|Any CPU.Build.0 = Debug|Any CPU
		{388DBDCF-82F1-4968-891B-FDCC3DC7A740}.Release|Any CPU.ActiveCfg = Release|Any CPU
		{388DBDCF-82F1-4968-891B-FDCC3DC7A740}.Release|Any CPU.Build.0 = Release|Any CPU
	EndGlobalSection
	GlobalSection(SolutionProperties) = preSolution
		HideSolutionNode = FALSE
	EndGlobalSection
	GlobalSection(ExtensibilityGlobals) = postSolution
		SolutionGuid = {F447AF77-CE39-49B0-A4F1-03BC5D1C6895}
	EndGlobalSection
EndGlobal
